
Microsoft Visual Studio Solution File, Format Version 12.00
# Visual Studio Version 17
VisualStudioVersion = 17.5.33414.496
MinimumVisualStudioVersion = 10.0.40219.1
Project("{FAE04EC0-301F-11D3-BF4B-00C04F79EFBC}") = "ConsoleApp_Tarde", "ConsoleApp_Tarde\ConsoleApp_Tarde.csproj", "{165A2852-D6A2-4765-95F7-CF0189474A77}"
EndProject
Global
	GlobalSection(SolutionConfigurationPlatforms) = preSolution
		Debug|Any CPU = Debug|Any CPU
		Release|Any CPU = Release|Any CPU
	EndGlobalSection
	GlobalSection(ProjectConfigurationPlatforms) = postSolution
		{165A2852-D6A2-4765-95F7-CF0189474A77}.Debug|Any CPU.ActiveCfg = Debug|Any CPU
		{165A2852-D6A2-4765-95F7-CF0189474A77}.Debug|Any CPU.Build.0 = Debug|Any CPU
		{165A2852-D6A2-4765-95F7-CF0189474A77}.Release|Any CPU.ActiveCfg = Release|Any CPU
		{165A2852-D6A2-4765-95F7-CF0189474A77}.Release|Any CPU.Build.0 = Release|Any CPU
	EndGlobalSection
	GlobalSection(SolutionProperties) = preSolution
		HideSolutionNode = FALSE
	EndGlobalSection
	GlobalSection(ExtensibilityGlobals) = postSolution
		SolutionGuid = {A4604D32-C196-486E-B548-704B77599563}
	EndGlobalSection
EndGlobal
